
Microsoft Visual Studio Solution File, Format Version 12.00
# Visual Studio Version 17
VisualStudioVersion = 17.4.33205.214
MinimumVisualStudioVersion = 10.0.40219.1
Project("{FAE04EC0-301F-11D3-BF4B-00C04F79EFBC}") = "DelegateDemo", "DelegateDemo.csproj", "{102C6FDF-1951-4CD3-9A72-9ED109F6ECDC}"
EndProject
Global
	GlobalSection(SolutionConfigurationPlatforms) = preSolution
		Debug|Any CPU = Debug|Any CPU
		Release|Any CPU = Release|Any CPU
	EndGlobalSection
	GlobalSection(ProjectConfigurationPlatforms) = postSolution
		{102C6FDF-1951-4CD3-9A72-9ED109F6ECDC}.Debug|Any CPU.ActiveCfg = Debug|Any CPU
		{102C6FDF-1951-4CD3-9A72-9ED109F6ECDC}.Debug|Any CPU.Build.0 = Debug|Any CPU
		{102C6FDF-1951-4CD3-9A72-9ED109F6ECDC}.Release|Any CPU.ActiveCfg = Release|Any CPU
		{102C6FDF-1951-4CD3-9A72-9ED109F6ECDC}.Release|Any CPU.Build.0 = Release|Any CPU
	EndGlobalSection
	GlobalSection(SolutionProperties) = preSolution
		HideSolutionNode = FALSE
	EndGlobalSection
	GlobalSection(ExtensibilityGlobals) = postSolution
		SolutionGuid = {69884AC0-A26E-43B3-9F76-F408A0A49138}
	EndGlobalSection
EndGlobal
